
Microsoft Visual Studio Solution File, Format Version 12.00
# Visual Studio Version 16
VisualStudioVersion = 16.0.31321.278
MinimumVisualStudioVersion = 10.0.40219.1
Project("{9A19103F-16F7-4668-BE54-9A1E7A4F7556}") = "TaskAPI", "TaskAPI\TaskAPI.csproj", "{236C3BDF-8451-4BB2-8A6D-C38C69D93B81}"
EndProject
Project("{FAE04EC0-301F-11D3-BF4B-00C04F79EFBC}") = "TaskAPI.Models", "TaskAPI.Models\TaskAPI.Models.csproj", "{B5BB1D55-CD15-49CF-B4F0-62FD2B3DD6E8}"
EndProject
Project("{FAE04EC0-301F-11D3-BF4B-00C04F79EFBC}") = "TaskAPI.Services", "TaskAPI.Services\TaskAPI.Services.csproj", "{95841106-C5AA-4589-8348-E232DF59F661}"
EndProject
Global
	GlobalSection(SolutionConfigurationPlatforms) = preSolution
		Debug|Any CPU = Debug|Any CPU
		Release|Any CPU = Release|Any CPU
	EndGlobalSection
	GlobalSection(ProjectConfigurationPlatforms) = postSolution
		{236C3BDF-8451-4BB2-8A6D-C38C69D93B81}.Debug|Any CPU.ActiveCfg = Debug|Any CPU
		{236C3BDF-8451-4BB2-8A6D-C38C69D93B81}.Debug|Any CPU.Build.0 = Debug|Any CPU
		{236C3BDF-8451-4BB2-8A6D-C38C69D93B81}.Release|Any CPU.ActiveCfg = Release|Any CPU
		{236C3BDF-8451-4BB2-8A6D-C38C69D93B81}.Release|Any CPU.Build.0 = Release|Any CPU
		{B5BB1D55-CD15-49CF-B4F0-62FD2B3DD6E8}.Debug|Any CPU.ActiveCfg = Debug|Any CPU
		{B5BB1D55-CD15-49CF-B4F0-62FD2B3DD6E8}.Debug|Any CPU.Build.0 = Debug|Any CPU
		{B5BB1D55-CD15-49CF-B4F0-62FD2B3DD6E8}.Release|Any CPU.ActiveCfg = Release|Any CPU
		{B5BB1D55-CD15-49CF-B4F0-62FD2B3DD6E8}.Release|Any CPU.Build.0 = Release|Any CPU
		{95841106-C5AA-4589-8348-E232DF59F661}.Debug|Any CPU.ActiveCfg = Debug|Any CPU
		{95841106-C5AA-4589-8348-E232DF59F661}.Debug|Any CPU.Build.0 = Debug|Any CPU
		{95841106-C5AA-4589-8348-E232DF59F661}.Release|Any CPU.ActiveCfg = Release|Any CPU
		{95841106-C5AA-4589-8348-E232DF59F661}.Release|Any CPU.Build.0 = Release|Any CPU
	EndGlobalSection
	GlobalSection(SolutionProperties) = preSolution
		HideSolutionNode = FALSE
	EndGlobalSection
	GlobalSection(ExtensibilityGlobals) = postSolution
		SolutionGuid = {B7AD1BBB-667F-4AC1-B6BA-095930C7947C}
	EndGlobalSection
EndGlobal
